// !$*UTF8*$!
{
	archiveVersion = 1;
	classes = {
	};
	objectVersion = 45;
	objects = {

/* Begin PBXBuildFile section */
		071D385610E80D0B003ADA42 /* BWToolkitFramework.framework in Copy Frameworks */ = {isa = PBXBuildFile; fileRef = 071D385410E80D0B003ADA42 /* BWToolkitFramework.framework */; };
		071D385710E80D0B003ADA42 /* Sparkle.framework in Frameworks */ = {isa = PBXBuildFile; fileRef = 071D385510E80D0B003ADA42 /* Sparkle.framework */; };
		072FA18210DAFAE8008293D7 /* MainWindowController.m in Sources */ = {isa = PBXBuildFile; fileRef = 072FA18010DAFAE7008293D7 /* MainWindowController.m */; };
		072FA18C10DAFBA2008293D7 /* WebKit.framework in Frameworks */ = {isa = PBXBuildFile; fileRef = 072FA18B10DAFBA2008293D7 /* WebKit.framework */; };
		072FA48E10DC35E1008293D7 /* ListNode.m in Sources */ = {isa = PBXBuildFile; fileRef = 072FA48D10DC35E1008293D7 /* ListNode.m */; };
		072FA58210DC5530008293D7 /* FancyCell.m in Sources */ = {isa = PBXBuildFile; fileRef = 072FA58110DC5530008293D7 /* FancyCell.m */; };
		0752819310FC34E3009032C7 /* UpdateKey.pem in Resources */ = {isa = PBXBuildFile; fileRef = 0752819210FC34E3009032C7 /* UpdateKey.pem */; };
		075285D310FD2A6F009032C7 /* GHNSURL+Utils.m in Sources */ = {isa = PBXBuildFile; fileRef = 075285A210FD2A6F009032C7 /* GHNSURL+Utils.m */; };
		075285EB10FD2A6F009032C7 /* NSDataAdditions.m in Sources */ = {isa = PBXBuildFile; fileRef = 075285CC10FD2A6F009032C7 /* NSDataAdditions.m */; };
		075285EC10FD2A6F009032C7 /* NSDate+RFC2822.m in Sources */ = {isa = PBXBuildFile; fileRef = 075285CE10FD2A6F009032C7 /* NSDate+RFC2822.m */; };
		075285ED10FD2A6F009032C7 /* NSImageAdditions.m in Sources */ = {isa = PBXBuildFile; fileRef = 075285D010FD2A6F009032C7 /* NSImageAdditions.m */; };
		075285EE10FD2A6F009032C7 /* NSWindow-NoodleEffects.m in Sources */ = {isa = PBXBuildFile; fileRef = 075285D210FD2A6F009032C7 /* NSWindow-NoodleEffects.m */; };
		075285F710FD2A8F009032C7 /* NSAlertAdditions.m in Sources */ = {isa = PBXBuildFile; fileRef = 075285F410FD2A8F009032C7 /* NSAlertAdditions.m */; };
		075285F810FD2A8F009032C7 /* NSDateAdditions.m in Sources */ = {isa = PBXBuildFile; fileRef = 075285F610FD2A8F009032C7 /* NSDateAdditions.m */; };
		075285FF10FD2A9F009032C7 /* IXSCNotificationManager.m in Sources */ = {isa = PBXBuildFile; fileRef = 075285FA10FD2A9F009032C7 /* IXSCNotificationManager.m */; };
		0752860010FD2A9F009032C7 /* UnindentedOutlineView.m in Sources */ = {isa = PBXBuildFile; fileRef = 075285FE10FD2A9F009032C7 /* UnindentedOutlineView.m */; };
		0752860710FD2ABC009032C7 /* NSArray-Blocks.m in Sources */ = {isa = PBXBuildFile; fileRef = 0752860610FD2ABC009032C7 /* NSArray-Blocks.m */; };
		0752860D10FD2AEC009032C7 /* GeneralPreferences.m in Sources */ = {isa = PBXBuildFile; fileRef = 0752860C10FD2AEC009032C7 /* GeneralPreferences.m */; };
		0752861210FD2B16009032C7 /* AccountPreferences.m in Sources */ = {isa = PBXBuildFile; fileRef = 0752861110FD2B16009032C7 /* AccountPreferences.m */; };
		0752861510FD2B32009032C7 /* UpdatesPreferences.m in Sources */ = {isa = PBXBuildFile; fileRef = 0752861410FD2B32009032C7 /* UpdatesPreferences.m */; };
		0752861A10FD2B62009032C7 /* AppPreferences.m in Sources */ = {isa = PBXBuildFile; fileRef = 0752861910FD2B62009032C7 /* AppPreferences.m */; };
		0752863E10FD2C33009032C7 /* GeneralPreferences.xib in Resources */ = {isa = PBXBuildFile; fileRef = 0752863D10FD2C33009032C7 /* GeneralPreferences.xib */; };
		0752864010FD2C64009032C7 /* AccountPreferences.xib in Resources */ = {isa = PBXBuildFile; fileRef = 0752863F10FD2C64009032C7 /* AccountPreferences.xib */; };
		0752864210FD2C7F009032C7 /* UpdatesPreferences.xib in Resources */ = {isa = PBXBuildFile; fileRef = 0752864110FD2C7F009032C7 /* UpdatesPreferences.xib */; };
		075287C110FE4E8E009032C7 /* FoursquareUpdater.m in Sources */ = {isa = PBXBuildFile; fileRef = 075287C010FE4E8E009032C7 /* FoursquareUpdater.m */; };
		075289B510FEC428009032C7 /* foursquarex.icns in Resources */ = {isa = PBXBuildFile; fileRef = 075289B410FEC428009032C7 /* foursquarex.icns */; };
		075289C810FECE37009032C7 /* megaphone_dark.png in Resources */ = {isa = PBXBuildFile; fileRef = 075289C710FECE37009032C7 /* megaphone_dark.png */; };
		079FABE310CEE13100D4A730 /* SystemConfiguration.framework in Frameworks */ = {isa = PBXBuildFile; fileRef = 079FABE210CEE13100D4A730 /* SystemConfiguration.framework */; };
		07A54DBC10F7F065006BD42B /* placard_fresh.png in Resources */ = {isa = PBXBuildFile; fileRef = 07A54DBB10F7F065006BD42B /* placard_fresh.png */; };
		07A9AB4510E96D1B00CE8EC7 /* map.html in Resources */ = {isa = PBXBuildFile; fileRef = 07A9AB4110E96D1B00CE8EC7 /* map.html */; };
		07A9AB4610E96D1B00CE8EC7 /* megaphone.png in Resources */ = {isa = PBXBuildFile; fileRef = 07A9AB4210E96D1B00CE8EC7 /* megaphone.png */; };
		07A9AB4710E96D1B00CE8EC7 /* menu_icon.png in Resources */ = {isa = PBXBuildFile; fileRef = 07A9AB4310E96D1B00CE8EC7 /* menu_icon.png */; };
		07A9AB4810E96D1B00CE8EC7 /* reload.tiff in Resources */ = {isa = PBXBuildFile; fileRef = 07A9AB4410E96D1B00CE8EC7 /* reload.tiff */; };
		07A9AB5F10E96D3D00CE8EC7 /* Sparkle.framework in Copy Frameworks */ = {isa = PBXBuildFile; fileRef = 071D385510E80D0B003ADA42 /* Sparkle.framework */; };
		07A9ABDA10E97C7500CE8EC7 /* BWToolkitFramework.framework in Frameworks */ = {isa = PBXBuildFile; fileRef = 071D385410E80D0B003ADA42 /* BWToolkitFramework.framework */; };
		07A9ABE110E97CCD00CE8EC7 /* placard_old.png in Resources */ = {isa = PBXBuildFile; fileRef = 07A9ABE010E97CCD00CE8EC7 /* placard_old.png */; };
		07BB4A5810D03F0200D1A536 /* Foursquare.m in Sources */ = {isa = PBXBuildFile; fileRef = 07BB4A3710D03F0200D1A536 /* Foursquare.m */; };
		07BB4A5910D03F0200D1A536 /* FoursquareXAppDelegate.m in Sources */ = {isa = PBXBuildFile; fileRef = 07BB4A3910D03F0200D1A536 /* FoursquareXAppDelegate.m */; };
		07BB4A5B10D03F0200D1A536 /* ShoutWindowController.m in Sources */ = {isa = PBXBuildFile; fileRef = 07BB4A3E10D03F0200D1A536 /* ShoutWindowController.m */; };
		07BB4A5C10D03F0200D1A536 /* WelcomeWindowController.m in Sources */ = {isa = PBXBuildFile; fileRef = 07BB4A4010D03F0200D1A536 /* WelcomeWindowController.m */; };
		07BB4A6F10D03F2600D1A536 /* main.m in Sources */ = {isa = PBXBuildFile; fileRef = 07BB4A6E10D03F2600D1A536 /* main.m */; };
		07BB4A7310D03F3800D1A536 /* Growl Registration Ticket.growlRegDict in Resources */ = {isa = PBXBuildFile; fileRef = 07BB4A7110D03F3800D1A536 /* Growl Registration Ticket.growlRegDict */; };
		07BB4A7610D03F5000D1A536 /* MainMenu.xib in Resources */ = {isa = PBXBuildFile; fileRef = 07BB4A7410D03F5000D1A536 /* MainMenu.xib */; };
		07BB4A8210D03FCA00D1A536 /* InfoPlist.strings in Resources */ = {isa = PBXBuildFile; fileRef = 07BB4A8010D03FCA00D1A536 /* InfoPlist.strings */; };
		07BB4AD810D041F700D1A536 /* Growl-WithInstaller.framework in Frameworks */ = {isa = PBXBuildFile; fileRef = 07BB4A9610D040D600D1A536 /* Growl-WithInstaller.framework */; };
		07BB4AD910D041FA00D1A536 /* Growl-WithInstaller.framework in Copy Frameworks */ = {isa = PBXBuildFile; fileRef = 07BB4A9610D040D600D1A536 /* Growl-WithInstaller.framework */; };
		07BB4B0310D05D0900D1A536 /* CheckinWindowController.m in Sources */ = {isa = PBXBuildFile; fileRef = 07BB4B0210D05D0900D1A536 /* CheckinWindowController.m */; };
		07BB4B1C10D05E4600D1A536 /* HTTPRiot.framework in Frameworks */ = {isa = PBXBuildFile; fileRef = 07BB4B1A10D05E4600D1A536 /* HTTPRiot.framework */; };
		07BB4B5D10D05E4E00D1A536 /* HTTPRiot.framework in Copy Frameworks */ = {isa = PBXBuildFile; fileRef = 07BB4B1A10D05E4600D1A536 /* HTTPRiot.framework */; };
		07E7978010E721070024FF20 /* Carbon.framework in Frameworks */ = {isa = PBXBuildFile; fileRef = 07E7977F10E721070024FF20 /* Carbon.framework */; };
		07F934AB10CDEA3500E2631A /* CoreLocation.framework in Frameworks */ = {isa = PBXBuildFile; fileRef = 07F934AA10CDEA3500E2631A /* CoreLocation.framework */; };
		8D11072F0486CEB800E47090 /* Cocoa.framework in Frameworks */ = {isa = PBXBuildFile; fileRef = 1058C7A1FEA54F0111CA2CBB /* Cocoa.framework */; };
		F5600E0411027A6A00376CEC /* BWToolkitFramework.framework in Frameworks */ = {isa = PBXBuildFile; fileRef = F5600E0311027A6A00376CEC /* BWToolkitFramework.framework */; };
		F5600E921103D19F00376CEC /* PFMoveApplication.m in Sources */ = {isa = PBXBuildFile; fileRef = F5600E901103D19F00376CEC /* PFMoveApplication.m */; };
		F5600E971103D25800376CEC /* Security.framework in Frameworks */ = {isa = PBXBuildFile; fileRef = F5600E961103D25800376CEC /* Security.framework */; };
/* End PBXBuildFile section */

/* Begin PBXCopyFilesBuildPhase section */
		0762382510CCC2D200C6C41E /* Copy Frameworks */ = {
			isa = PBXCopyFilesBuildPhase;
			buildActionMask = 2147483647;
			dstPath = "";
			dstSubfolderSpec = 10;
			files = (
				071D385610E80D0B003ADA42 /* BWToolkitFramework.framework in Copy Frameworks */,
				07A9AB5F10E96D3D00CE8EC7 /* Sparkle.framework in Copy Frameworks */,
				07BB4B5D10D05E4E00D1A536 /* HTTPRiot.framework in Copy Frameworks */,
				07BB4AD910D041FA00D1A536 /* Growl-WithInstaller.framework in Copy Frameworks */,
			);
			name = "Copy Frameworks";
			runOnlyForDeploymentPostprocessing = 0;
		};
/* End PBXCopyFilesBuildPhase section */

/* Begin PBXFileReference section */
		071D385410E80D0B003ADA42 /* BWToolkitFramework.framework */ = {isa = PBXFileReference; lastKnownFileType = wrapper.framework; name = BWToolkitFramework.framework; path = Frameworks/BWToolkitFramework.framework; sourceTree = "<group>"; };
		071D385510E80D0B003ADA42 /* Sparkle.framework */ = {isa = PBXFileReference; lastKnownFileType = wrapper.framework; name = Sparkle.framework; path = Frameworks/Sparkle.framework; sourceTree = "<group>"; };
		072FA18010DAFAE7008293D7 /* MainWindowController.m */ = {isa = PBXFileReference; fileEncoding = 4; lastKnownFileType = sourcecode.c.objc; path = MainWindowController.m; sourceTree = "<group>"; };
		072FA18110DAFAE7008293D7 /* MainWindowController.h */ = {isa = PBXFileReference; fileEncoding = 4; lastKnownFileType = sourcecode.c.h; path = MainWindowController.h; sourceTree = "<group>"; };
		072FA18B10DAFBA2008293D7 /* WebKit.framework */ = {isa = PBXFileReference; lastKnownFileType = wrapper.framework; name = WebKit.framework; path = System/Library/Frameworks/WebKit.framework; sourceTree = SDKROOT; };
		072FA48C10DC35E1008293D7 /* ListNode.h */ = {isa = PBXFileReference; fileEncoding = 4; lastKnownFileType = sourcecode.c.h; path = ListNode.h; sourceTree = "<group>"; };
		072FA48D10DC35E1008293D7 /* ListNode.m */ = {isa = PBXFileReference; fileEncoding = 4; lastKnownFileType = sourcecode.c.objc; path = ListNode.m; sourceTree = "<group>"; };
		072FA58010DC5530008293D7 /* FancyCell.h */ = {isa = PBXFileReference; fileEncoding = 4; lastKnownFileType = sourcecode.c.h; path = FancyCell.h; sourceTree = "<group>"; };
		072FA58110DC5530008293D7 /* FancyCell.m */ = {isa = PBXFileReference; fileEncoding = 4; lastKnownFileType = sourcecode.c.objc; path = FancyCell.m; sourceTree = "<group>"; };
		0752819210FC34E3009032C7 /* UpdateKey.pem */ = {isa = PBXFileReference; fileEncoding = 4; lastKnownFileType = text; name = UpdateKey.pem; path = Resources/UpdateKey.pem; sourceTree = "<group>"; };
		075285A010FD2A6F009032C7 /* CustomTextFieldFormatter.h */ = {isa = PBXFileReference; fileEncoding = 4; lastKnownFileType = sourcecode.c.h; path = CustomTextFieldFormatter.h; sourceTree = "<group>"; };
		075285A110FD2A6F009032C7 /* GHNSURL+Utils.h */ = {isa = PBXFileReference; fileEncoding = 4; lastKnownFileType = sourcecode.c.h; path = "GHNSURL+Utils.h"; sourceTree = "<group>"; };
		075285A210FD2A6F009032C7 /* GHNSURL+Utils.m */ = {isa = PBXFileReference; fileEncoding = 4; lastKnownFileType = sourcecode.c.objc; path = "GHNSURL+Utils.m"; sourceTree = "<group>"; };
		075285CA10FD2A6F009032C7 /* NSData_HexAdditions.h */ = {isa = PBXFileReference; fileEncoding = 4; lastKnownFileType = sourcecode.c.h; path = NSData_HexAdditions.h; sourceTree = "<group>"; };
		075285CB10FD2A6F009032C7 /* NSDataAdditions.h */ = {isa = PBXFileReference; fileEncoding = 4; lastKnownFileType = sourcecode.c.h; path = NSDataAdditions.h; sourceTree = "<group>"; };
		075285CC10FD2A6F009032C7 /* NSDataAdditions.m */ = {isa = PBXFileReference; fileEncoding = 4; lastKnownFileType = sourcecode.c.objc; path = NSDataAdditions.m; sourceTree = "<group>"; };
		075285CD10FD2A6F009032C7 /* NSDate+RFC2822.h */ = {isa = PBXFileReference; fileEncoding = 4; lastKnownFileType = sourcecode.c.h; path = "NSDate+RFC2822.h"; sourceTree = "<group>"; };
		075285CE10FD2A6F009032C7 /* NSDate+RFC2822.m */ = {isa = PBXFileReference; fileEncoding = 4; lastKnownFileType = sourcecode.c.objc; path = "NSDate+RFC2822.m"; sourceTree = "<group>"; };
		075285CF10FD2A6F009032C7 /* NSImageAdditions.h */ = {isa = PBXFileReference; fileEncoding = 4; lastKnownFileType = sourcecode.c.h; path = NSImageAdditions.h; sourceTree = "<group>"; };
		075285D010FD2A6F009032C7 /* NSImageAdditions.m */ = {isa = PBXFileReference; fileEncoding = 4; lastKnownFileType = sourcecode.c.objc; path = NSImageAdditions.m; sourceTree = "<group>"; };
		075285D110FD2A6F009032C7 /* NSWindow-NoodleEffects.h */ = {isa = PBXFileReference; fileEncoding = 4; lastKnownFileType = sourcecode.c.h; path = "NSWindow-NoodleEffects.h"; sourceTree = "<group>"; };
		075285D210FD2A6F009032C7 /* NSWindow-NoodleEffects.m */ = {isa = PBXFileReference; fileEncoding = 4; lastKnownFileType = sourcecode.c.objc; path = "NSWindow-NoodleEffects.m"; sourceTree = "<group>"; };
		075285F310FD2A8F009032C7 /* NSAlertAdditions.h */ = {isa = PBXFileReference; fileEncoding = 4; lastKnownFileType = sourcecode.c.h; path = NSAlertAdditions.h; sourceTree = "<group>"; };
		075285F410FD2A8F009032C7 /* NSAlertAdditions.m */ = {isa = PBXFileReference; fileEncoding = 4; lastKnownFileType = sourcecode.c.objc; path = NSAlertAdditions.m; sourceTree = "<group>"; };
		075285F510FD2A8F009032C7 /* NSDateAdditions.h */ = {isa = PBXFileReference; fileEncoding = 4; lastKnownFileType = sourcecode.c.h; path = NSDateAdditions.h; sourceTree = "<group>"; };
		075285F610FD2A8F009032C7 /* NSDateAdditions.m */ = {isa = PBXFileReference; fileEncoding = 4; lastKnownFileType = sourcecode.c.objc; path = NSDateAdditions.m; sourceTree = "<group>"; };
		075285F910FD2A9F009032C7 /* IXSCNotificationManager.h */ = {isa = PBXFileReference; fileEncoding = 4; lastKnownFileType = sourcecode.c.h; name = IXSCNotificationManager.h; path = "3rd Party/IXSCNotificationManager.h"; sourceTree = "<group>"; };
		075285FA10FD2A9F009032C7 /* IXSCNotificationManager.m */ = {isa = PBXFileReference; fileEncoding = 4; lastKnownFileType = sourcecode.c.objc; name = IXSCNotificationManager.m; path = "3rd Party/IXSCNotificationManager.m"; sourceTree = "<group>"; };
		075285FB10FD2A9F009032C7 /* NSPreferences.h */ = {isa = PBXFileReference; fileEncoding = 4; lastKnownFileType = sourcecode.c.h; name = NSPreferences.h; path = "3rd Party/NSPreferences.h"; sourceTree = "<group>"; };
		075285FD10FD2A9F009032C7 /* UnindentedOutlineView.h */ = {isa = PBXFileReference; fileEncoding = 4; lastKnownFileType = sourcecode.c.h; name = UnindentedOutlineView.h; path = "3rd Party/UnindentedOutlineView.h"; sourceTree = "<group>"; };
		075285FE10FD2A9F009032C7 /* UnindentedOutlineView.m */ = {isa = PBXFileReference; fileEncoding = 4; lastKnownFileType = sourcecode.c.objc; name = UnindentedOutlineView.m; path = "3rd Party/UnindentedOutlineView.m"; sourceTree = "<group>"; };
		0752860510FD2ABC009032C7 /* NSArray-Blocks.h */ = {isa = PBXFileReference; fileEncoding = 4; lastKnownFileType = sourcecode.c.h; path = "NSArray-Blocks.h"; sourceTree = "<group>"; };
		0752860610FD2ABC009032C7 /* NSArray-Blocks.m */ = {isa = PBXFileReference; fileEncoding = 4; lastKnownFileType = sourcecode.c.objc; path = "NSArray-Blocks.m"; sourceTree = "<group>"; };
		0752860B10FD2AEC009032C7 /* GeneralPreferences.h */ = {isa = PBXFileReference; fileEncoding = 4; lastKnownFileType = sourcecode.c.h; path = GeneralPreferences.h; sourceTree = "<group>"; };
		0752860C10FD2AEC009032C7 /* GeneralPreferences.m */ = {isa = PBXFileReference; fileEncoding = 4; lastKnownFileType = sourcecode.c.objc; path = GeneralPreferences.m; sourceTree = "<group>"; };
		0752861010FD2B16009032C7 /* AccountPreferences.h */ = {isa = PBXFileReference; fileEncoding = 4; lastKnownFileType = sourcecode.c.h; path = AccountPreferences.h; sourceTree = "<group>"; };
		0752861110FD2B16009032C7 /* AccountPreferences.m */ = {isa = PBXFileReference; fileEncoding = 4; lastKnownFileType = sourcecode.c.objc; path = AccountPreferences.m; sourceTree = "<group>"; };
		0752861310FD2B32009032C7 /* UpdatesPreferences.h */ = {isa = PBXFileReference; fileEncoding = 4; lastKnownFileType = sourcecode.c.h; path = UpdatesPreferences.h; sourceTree = "<group>"; };
		0752861410FD2B32009032C7 /* UpdatesPreferences.m */ = {isa = PBXFileReference; fileEncoding = 4; lastKnownFileType = sourcecode.c.objc; path = UpdatesPreferences.m; sourceTree = "<group>"; };
		0752861810FD2B62009032C7 /* AppPreferences.h */ = {isa = PBXFileReference; fileEncoding = 4; lastKnownFileType = sourcecode.c.h; path = AppPreferences.h; sourceTree = "<group>"; };
		0752861910FD2B62009032C7 /* AppPreferences.m */ = {isa = PBXFileReference; fileEncoding = 4; lastKnownFileType = sourcecode.c.objc; path = AppPreferences.m; sourceTree = "<group>"; };
		0752863D10FD2C33009032C7 /* GeneralPreferences.xib */ = {isa = PBXFileReference; lastKnownFileType = file.xib; name = GeneralPreferences.xib; path = Resources/GeneralPreferences.xib; sourceTree = "<group>"; };
		0752863F10FD2C64009032C7 /* AccountPreferences.xib */ = {isa = PBXFileReference; lastKnownFileType = file.xib; name = AccountPreferences.xib; path = Resources/AccountPreferences.xib; sourceTree = "<group>"; };
		0752864110FD2C7F009032C7 /* UpdatesPreferences.xib */ = {isa = PBXFileReference; lastKnownFileType = file.xib; name = UpdatesPreferences.xib; path = Resources/UpdatesPreferences.xib; sourceTree = "<group>"; };
		075287BF10FE4E8E009032C7 /* FoursquareUpdater.h */ = {isa = PBXFileReference; fileEncoding = 4; lastKnownFileType = sourcecode.c.h; path = FoursquareUpdater.h; sourceTree = "<group>"; };
		075287C010FE4E8E009032C7 /* FoursquareUpdater.m */ = {isa = PBXFileReference; fileEncoding = 4; lastKnownFileType = sourcecode.c.objc; path = FoursquareUpdater.m; sourceTree = "<group>"; };
		075289B410FEC428009032C7 /* foursquarex.icns */ = {isa = PBXFileReference; lastKnownFileType = image.icns; name = foursquarex.icns; path = Resources/foursquarex.icns; sourceTree = "<group>"; };
		075289C710FECE37009032C7 /* megaphone_dark.png */ = {isa = PBXFileReference; lastKnownFileType = image.png; name = megaphone_dark.png; path = Resources/megaphone_dark.png; sourceTree = "<group>"; };
		079FABE210CEE13100D4A730 /* SystemConfiguration.framework */ = {isa = PBXFileReference; lastKnownFileType = wrapper.framework; name = SystemConfiguration.framework; path = System/Library/Frameworks/SystemConfiguration.framework; sourceTree = SDKROOT; };
		07A54DBB10F7F065006BD42B /* placard_fresh.png */ = {isa = PBXFileReference; lastKnownFileType = image.png; name = placard_fresh.png; path = Resources/placard_fresh.png; sourceTree = "<group>"; };
		07A9AB4110E96D1B00CE8EC7 /* map.html */ = {isa = PBXFileReference; fileEncoding = 4; lastKnownFileType = text.html; name = map.html; path = Resources/map.html; sourceTree = "<group>"; };
		07A9AB4210E96D1B00CE8EC7 /* megaphone.png */ = {isa = PBXFileReference; lastKnownFileType = image.png; name = megaphone.png; path = Resources/megaphone.png; sourceTree = "<group>"; };
		07A9AB4310E96D1B00CE8EC7 /* menu_icon.png */ = {isa = PBXFileReference; lastKnownFileType = image.png; name = menu_icon.png; path = Resources/menu_icon.png; sourceTree = "<group>"; };
		07A9AB4410E96D1B00CE8EC7 /* reload.tiff */ = {isa = PBXFileReference; lastKnownFileType = image.tiff; name = reload.tiff; path = Resources/reload.tiff; sourceTree = "<group>"; };
		07A9ABE010E97CCD00CE8EC7 /* placard_old.png */ = {isa = PBXFileReference; lastKnownFileType = image.png; name = placard_old.png; path = Resources/placard_old.png; sourceTree = "<group>"; };
		07BB4A3610D03F0200D1A536 /* Foursquare.h */ = {isa = PBXFileReference; fileEncoding = 4; lastKnownFileType = sourcecode.c.h; path = Foursquare.h; sourceTree = "<group>"; };
		07BB4A3710D03F0200D1A536 /* Foursquare.m */ = {isa = PBXFileReference; fileEncoding = 4; lastKnownFileType = sourcecode.c.objc; path = Foursquare.m; sourceTree = "<group>"; };
		07BB4A3810D03F0200D1A536 /* FoursquareXAppDelegate.h */ = {isa = PBXFileReference; fileEncoding = 4; lastKnownFileType = sourcecode.c.h; path = FoursquareXAppDelegate.h; sourceTree = "<group>"; };
		07BB4A3910D03F0200D1A536 /* FoursquareXAppDelegate.m */ = {isa = PBXFileReference; fileEncoding = 4; lastKnownFileType = sourcecode.c.objc; path = FoursquareXAppDelegate.m; sourceTree = "<group>"; };
		07BB4A3D10D03F0200D1A536 /* ShoutWindowController.h */ = {isa = PBXFileReference; fileEncoding = 4; lastKnownFileType = sourcecode.c.h; path = ShoutWindowController.h; sourceTree = "<group>"; };
		07BB4A3E10D03F0200D1A536 /* ShoutWindowController.m */ = {isa = PBXFileReference; fileEncoding = 4; lastKnownFileType = sourcecode.c.objc; path = ShoutWindowController.m; sourceTree = "<group>"; };
		07BB4A3F10D03F0200D1A536 /* WelcomeWindowController.h */ = {isa = PBXFileReference; fileEncoding = 4; lastKnownFileType = sourcecode.c.h; path = WelcomeWindowController.h; sourceTree = "<group>"; };
		07BB4A4010D03F0200D1A536 /* WelcomeWindowController.m */ = {isa = PBXFileReference; fileEncoding = 4; lastKnownFileType = sourcecode.c.objc; path = WelcomeWindowController.m; sourceTree = "<group>"; };
		07BB4A6D10D03F2600D1A536 /* FoursquareX_Prefix.pch */ = {isa = PBXFileReference; fileEncoding = 4; lastKnownFileType = sourcecode.c.h; name = FoursquareX_Prefix.pch; path = "Source/Other Sources/FoursquareX_Prefix.pch"; sourceTree = "<group>"; };
		07BB4A6E10D03F2600D1A536 /* main.m */ = {isa = PBXFileReference; fileEncoding = 4; lastKnownFileType = sourcecode.c.objc; name = main.m; path = "Source/Other Sources/main.m"; sourceTree = "<group>"; };
		07BB4A7010D03F3800D1A536 /* FoursquareX-Info.plist */ = {isa = PBXFileReference; fileEncoding = 4; lastKnownFileType = text.plist.xml; name = "FoursquareX-Info.plist"; path = "Resources/FoursquareX-Info.plist"; sourceTree = "<group>"; };
		07BB4A7110D03F3800D1A536 /* Growl Registration Ticket.growlRegDict */ = {isa = PBXFileReference; fileEncoding = 4; lastKnownFileType = text.xml; name = "Growl Registration Ticket.growlRegDict"; path = "Resources/Growl Registration Ticket.growlRegDict"; sourceTree = "<group>"; };
		07BB4A7510D03F5000D1A536 /* English */ = {isa = PBXFileReference; lastKnownFileType = file.xib; name = English; path = Resources/English.lproj/MainMenu.xib; sourceTree = "<group>"; };
		07BB4A8110D03FCA00D1A536 /* English */ = {isa = PBXFileReference; fileEncoding = 4; lastKnownFileType = text.plist.strings; name = English; path = Resources/English.lproj/InfoPlist.strings; sourceTree = "<group>"; };
		07BB4A9610D040D600D1A536 /* Growl-WithInstaller.framework */ = {isa = PBXFileReference; lastKnownFileType = wrapper.framework; name = "Growl-WithInstaller.framework"; path = "Frameworks/Growl-WithInstaller.framework"; sourceTree = "<group>"; };
		07BB4B0110D05D0900D1A536 /* CheckinWindowController.h */ = {isa = PBXFileReference; fileEncoding = 4; lastKnownFileType = sourcecode.c.h; path = CheckinWindowController.h; sourceTree = "<group>"; };
		07BB4B0210D05D0900D1A536 /* CheckinWindowController.m */ = {isa = PBXFileReference; fileEncoding = 4; lastKnownFileType = sourcecode.c.objc; path = CheckinWindowController.m; sourceTree = "<group>"; };
		07BB4B1A10D05E4600D1A536 /* HTTPRiot.framework */ = {isa = PBXFileReference; lastKnownFileType = wrapper.framework; name = HTTPRiot.framework; path = Frameworks/HTTPRiot.framework; sourceTree = "<group>"; };
		07E7977F10E721070024FF20 /* Carbon.framework */ = {isa = PBXFileReference; lastKnownFileType = wrapper.framework; name = Carbon.framework; path = System/Library/Frameworks/Carbon.framework; sourceTree = SDKROOT; };
		07F934AA10CDEA3500E2631A /* CoreLocation.framework */ = {isa = PBXFileReference; lastKnownFileType = wrapper.framework; name = CoreLocation.framework; path = System/Library/Frameworks/CoreLocation.framework; sourceTree = SDKROOT; };
		1058C7A1FEA54F0111CA2CBB /* Cocoa.framework */ = {isa = PBXFileReference; lastKnownFileType = wrapper.framework; name = Cocoa.framework; path = /System/Library/Frameworks/Cocoa.framework; sourceTree = "<absolute>"; };
		13E42FB307B3F0F600E4EEF1 /* CoreData.framework */ = {isa = PBXFileReference; lastKnownFileType = wrapper.framework; name = CoreData.framework; path = /System/Library/Frameworks/CoreData.framework; sourceTree = "<absolute>"; };
		29B97324FDCFA39411CA2CEA /* AppKit.framework */ = {isa = PBXFileReference; lastKnownFileType = wrapper.framework; name = AppKit.framework; path = /System/Library/Frameworks/AppKit.framework; sourceTree = "<absolute>"; };
		29B97325FDCFA39411CA2CEA /* Foundation.framework */ = {isa = PBXFileReference; lastKnownFileType = wrapper.framework; name = Foundation.framework; path = /System/Library/Frameworks/Foundation.framework; sourceTree = "<absolute>"; };
		8D1107320486CEB800E47090 /* FoursquareX.app */ = {isa = PBXFileReference; explicitFileType = wrapper.application; includeInIndex = 0; path = FoursquareX.app; sourceTree = BUILT_PRODUCTS_DIR; };
		F5600E0311027A6A00376CEC /* BWToolkitFramework.framework */ = {isa = PBXFileReference; lastKnownFileType = wrapper.framework; name = BWToolkitFramework.framework; path = Library/Frameworks/BWToolkitFramework.framework; sourceTree = SDKROOT; };
		F5600E901103D19F00376CEC /* PFMoveApplication.m */ = {isa = PBXFileReference; fileEncoding = 4; lastKnownFileType = sourcecode.c.objc; path = PFMoveApplication.m; sourceTree = "<group>"; };
		F5600E911103D19F00376CEC /* PFMoveApplication.h */ = {isa = PBXFileReference; fileEncoding = 4; lastKnownFileType = sourcecode.c.h; path = PFMoveApplication.h; sourceTree = "<group>"; };
		F5600E961103D25800376CEC /* Security.framework */ = {isa = PBXFileReference; lastKnownFileType = wrapper.framework; name = Security.framework; path = System/Library/Frameworks/Security.framework; sourceTree = SDKROOT; };
/* End PBXFileReference section */

/* Begin PBXFrameworksBuildPhase section */
		8D11072E0486CEB800E47090 /* Frameworks */ = {
			isa = PBXFrameworksBuildPhase;
			buildActionMask = 2147483647;
			files = (
				07A9ABDA10E97C7500CE8EC7 /* BWToolkitFramework.framework in Frameworks */,
				07BB4AD810D041F700D1A536 /* Growl-WithInstaller.framework in Frameworks */,
				8D11072F0486CEB800E47090 /* Cocoa.framework in Frameworks */,
				07F934AB10CDEA3500E2631A /* CoreLocation.framework in Frameworks */,
				079FABE310CEE13100D4A730 /* SystemConfiguration.framework in Frameworks */,
				07BB4B1C10D05E4600D1A536 /* HTTPRiot.framework in Frameworks */,
				072FA18C10DAFBA2008293D7 /* WebKit.framework in Frameworks */,
				07E7978010E721070024FF20 /* Carbon.framework in Frameworks */,
				071D385710E80D0B003ADA42 /* Sparkle.framework in Frameworks */,
				F5600E0411027A6A00376CEC /* BWToolkitFramework.framework in Frameworks */,
				F5600E971103D25800376CEC /* Security.framework in Frameworks */,
			);
			runOnlyForDeploymentPostprocessing = 0;
		};
/* End PBXFrameworksBuildPhase section */

/* Begin PBXGroup section */
		072FA04210DADA94008293D7 /* 3rd Party */ = {
			isa = PBXGroup;
			children = (
				0752859F10FD2A6F009032C7 /* Additions */,
				075285F910FD2A9F009032C7 /* IXSCNotificationManager.h */,
				075285FA10FD2A9F009032C7 /* IXSCNotificationManager.m */,
				075285FB10FD2A9F009032C7 /* NSPreferences.h */,
				075285FD10FD2A9F009032C7 /* UnindentedOutlineView.h */,
				075285FE10FD2A9F009032C7 /* UnindentedOutlineView.m */,
			);
			name = "3rd Party";
			sourceTree = "<group>";
		};
		0752859F10FD2A6F009032C7 /* Additions */ = {
			isa = PBXGroup;
			children = (
				0752860510FD2ABC009032C7 /* NSArray-Blocks.h */,
				0752860610FD2ABC009032C7 /* NSArray-Blocks.m */,
				075285A010FD2A6F009032C7 /* CustomTextFieldFormatter.h */,
				075285A110FD2A6F009032C7 /* GHNSURL+Utils.h */,
				075285A210FD2A6F009032C7 /* GHNSURL+Utils.m */,
				075285CA10FD2A6F009032C7 /* NSData_HexAdditions.h */,
				075285CB10FD2A6F009032C7 /* NSDataAdditions.h */,
				075285CC10FD2A6F009032C7 /* NSDataAdditions.m */,
				075285CD10FD2A6F009032C7 /* NSDate+RFC2822.h */,
				075285CE10FD2A6F009032C7 /* NSDate+RFC2822.m */,
				075285CF10FD2A6F009032C7 /* NSImageAdditions.h */,
				075285D010FD2A6F009032C7 /* NSImageAdditions.m */,
				075285D110FD2A6F009032C7 /* NSWindow-NoodleEffects.h */,
				075285D210FD2A6F009032C7 /* NSWindow-NoodleEffects.m */,
			);
			name = Additions;
			path = "3rd Party/Additions";
			sourceTree = "<group>";
		};
		075285F210FD2A8F009032C7 /* Additions */ = {
			isa = PBXGroup;
			children = (
				075285F310FD2A8F009032C7 /* NSAlertAdditions.h */,
				075285F410FD2A8F009032C7 /* NSAlertAdditions.m */,
				075285F510FD2A8F009032C7 /* NSDateAdditions.h */,
				075285F610FD2A8F009032C7 /* NSDateAdditions.m */,
			);
			path = Additions;
			sourceTree = "<group>";
		};
		0752860A10FD2AD6009032C7 /* Preferences */ = {
			isa = PBXGroup;
			children = (
				0752861810FD2B62009032C7 /* AppPreferences.h */,
				0752861910FD2B62009032C7 /* AppPreferences.m */,
				0752860B10FD2AEC009032C7 /* GeneralPreferences.h */,
				0752860C10FD2AEC009032C7 /* GeneralPreferences.m */,
				0752861010FD2B16009032C7 /* AccountPreferences.h */,
				0752861110FD2B16009032C7 /* AccountPreferences.m */,
				0752861310FD2B32009032C7 /* UpdatesPreferences.h */,
				0752861410FD2B32009032C7 /* UpdatesPreferences.m */,
			);
			name = Preferences;
			sourceTree = "<group>";
		};
		07BB4A0B10D03F0200D1A536 /* Classes */ = {
			isa = PBXGroup;
			children = (
				075285F210FD2A8F009032C7 /* Additions */,
				072FA04210DADA94008293D7 /* 3rd Party */,
				07BB4A3C10D03F0200D1A536 /* UI */,
				07BB4A3610D03F0200D1A536 /* Foursquare.h */,
				07BB4A3710D03F0200D1A536 /* Foursquare.m */,
				07BB4A3810D03F0200D1A536 /* FoursquareXAppDelegate.h */,
				07BB4A3910D03F0200D1A536 /* FoursquareXAppDelegate.m */,
				075287BF10FE4E8E009032C7 /* FoursquareUpdater.h */,
				075287C010FE4E8E009032C7 /* FoursquareUpdater.m */,
				F5600E901103D19F00376CEC /* PFMoveApplication.m */,
				F5600E911103D19F00376CEC /* PFMoveApplication.h */,
			);
			name = Classes;
			path = Source/Classes;
			sourceTree = "<group>";
		};
		07BB4A3C10D03F0200D1A536 /* UI */ = {
			isa = PBXGroup;
			children = (
				0752860A10FD2AD6009032C7 /* Preferences */,
				07BB4A3D10D03F0200D1A536 /* ShoutWindowController.h */,
				07BB4A3E10D03F0200D1A536 /* ShoutWindowController.m */,
				07BB4A3F10D03F0200D1A536 /* WelcomeWindowController.h */,
				07BB4A4010D03F0200D1A536 /* WelcomeWindowController.m */,
				07BB4B0110D05D0900D1A536 /* CheckinWindowController.h */,
				07BB4B0210D05D0900D1A536 /* CheckinWindowController.m */,
				072FA18110DAFAE7008293D7 /* MainWindowController.h */,
				072FA18010DAFAE7008293D7 /* MainWindowController.m */,
				072FA48C10DC35E1008293D7 /* ListNode.h */,
				072FA48D10DC35E1008293D7 /* ListNode.m */,
				072FA58010DC5530008293D7 /* FancyCell.h */,
				072FA58110DC5530008293D7 /* FancyCell.m */,
			);
			path = UI;
			sourceTree = "<group>";
		};
		1058C7A0FEA54F0111CA2CBB /* Linked Frameworks */ = {
			isa = PBXGroup;
			children = (
				071D385410E80D0B003ADA42 /* BWToolkitFramework.framework */,
				071D385510E80D0B003ADA42 /* Sparkle.framework */,
				072FA18B10DAFBA2008293D7 /* WebKit.framework */,
				07BB4B1A10D05E4600D1A536 /* HTTPRiot.framework */,
				07BB4A9610D040D600D1A536 /* Growl-WithInstaller.framework */,
				079FABE210CEE13100D4A730 /* SystemConfiguration.framework */,
				1058C7A1FEA54F0111CA2CBB /* Cocoa.framework */,
				07F934AA10CDEA3500E2631A /* CoreLocation.framework */,
				07E7977F10E721070024FF20 /* Carbon.framework */,
				F5600E961103D25800376CEC /* Security.framework */,
			);
			name = "Linked Frameworks";
			sourceTree = "<group>";
		};
		1058C7A2FEA54F0111CA2CBB /* Other Frameworks */ = {
			isa = PBXGroup;
			children = (
				29B97324FDCFA39411CA2CEA /* AppKit.framework */,
				13E42FB307B3F0F600E4EEF1 /* CoreData.framework */,
				29B97325FDCFA39411CA2CEA /* Foundation.framework */,
			);
			name = "Other Frameworks";
			sourceTree = "<group>";
		};
		19C28FACFE9D520D11CA2CBB /* Products */ = {
			isa = PBXGroup;
			children = (
				8D1107320486CEB800E47090 /* FoursquareX.app */,
			);
			name = Products;
			sourceTree = "<group>";
		};
		29B97314FDCFA39411CA2CEA /* FoursquareX */ = {
			isa = PBXGroup;
			children = (
				07BB4A0B10D03F0200D1A536 /* Classes */,
				29B97315FDCFA39411CA2CEA /* Other Sources */,
				29B97317FDCFA39411CA2CEA /* Resources */,
				29B97323FDCFA39411CA2CEA /* Frameworks */,
				19C28FACFE9D520D11CA2CBB /* Products */,
				F5600E0311027A6A00376CEC /* BWToolkitFramework.framework */,
			);
			name = FoursquareX;
			sourceTree = "<group>";
		};
		29B97315FDCFA39411CA2CEA /* Other Sources */ = {
			isa = PBXGroup;
			children = (
				07BB4A6D10D03F2600D1A536 /* FoursquareX_Prefix.pch */,
				07BB4A6E10D03F2600D1A536 /* main.m */,
			);
			name = "Other Sources";
			sourceTree = "<group>";
		};
		29B97317FDCFA39411CA2CEA /* Resources */ = {
			isa = PBXGroup;
			children = (
				075289B410FEC428009032C7 /* foursquarex.icns */,
				0752819210FC34E3009032C7 /* UpdateKey.pem */,
				07BB4A7410D03F5000D1A536 /* MainMenu.xib */,
				07A9ABE010E97CCD00CE8EC7 /* placard_old.png */,
				07A54DBB10F7F065006BD42B /* placard_fresh.png */,
				07A9AB4110E96D1B00CE8EC7 /* map.html */,
				07A9AB4210E96D1B00CE8EC7 /* megaphone.png */,
				075289C710FECE37009032C7 /* megaphone_dark.png */,
				07A9AB4310E96D1B00CE8EC7 /* menu_icon.png */,
				07A9AB4410E96D1B00CE8EC7 /* reload.tiff */,
				07BB4A8010D03FCA00D1A536 /* InfoPlist.strings */,
				07BB4A7010D03F3800D1A536 /* FoursquareX-Info.plist */,
				07BB4A7110D03F3800D1A536 /* Growl Registration Ticket.growlRegDict */,
				0752863D10FD2C33009032C7 /* GeneralPreferences.xib */,
				0752863F10FD2C64009032C7 /* AccountPreferences.xib */,
				0752864110FD2C7F009032C7 /* UpdatesPreferences.xib */,
			);
			name = Resources;
			sourceTree = "<group>";
		};
		29B97323FDCFA39411CA2CEA /* Frameworks */ = {
			isa = PBXGroup;
			children = (
				1058C7A0FEA54F0111CA2CBB /* Linked Frameworks */,
				1058C7A2FEA54F0111CA2CBB /* Other Frameworks */,
			);
			name = Frameworks;
			sourceTree = "<group>";
		};
/* End PBXGroup section */

/* Begin PBXNativeTarget section */
		8D1107260486CEB800E47090 /* FoursquareX */ = {
			isa = PBXNativeTarget;
			buildConfigurationList = C01FCF4A08A954540054247B /* Build configuration list for PBXNativeTarget "FoursquareX" */;
			buildPhases = (
				8D1107290486CEB800E47090 /* Resources */,
				8D11072C0486CEB800E47090 /* Sources */,
				8D11072E0486CEB800E47090 /* Frameworks */,
				0762382510CCC2D200C6C41E /* Copy Frameworks */,
			);
			buildRules = (
			);
			dependencies = (
			);
			name = FoursquareX;
			productInstallPath = "$(HOME)/Applications";
			productName = FoursquareX;
			productReference = 8D1107320486CEB800E47090 /* FoursquareX.app */;
			productType = "com.apple.product-type.application";
		};
/* End PBXNativeTarget section */

/* Begin PBXProject section */
		29B97313FDCFA39411CA2CEA /* Project object */ = {
			isa = PBXProject;
			buildConfigurationList = C01FCF4E08A954540054247B /* Build configuration list for PBXProject "FoursquareX" */;
			compatibilityVersion = "Xcode 3.1";
			hasScannedForEncodings = 1;
			mainGroup = 29B97314FDCFA39411CA2CEA /* FoursquareX */;
			projectDirPath = "";
			projectRoot = "";
			targets = (
				8D1107260486CEB800E47090 /* FoursquareX */,
			);
		};
/* End PBXProject section */

/* Begin PBXResourcesBuildPhase section */
		8D1107290486CEB800E47090 /* Resources */ = {
			isa = PBXResourcesBuildPhase;
			buildActionMask = 2147483647;
			files = (
				07BB4A7310D03F3800D1A536 /* Growl Registration Ticket.growlRegDict in Resources */,
				07BB4A7610D03F5000D1A536 /* MainMenu.xib in Resources */,
				07BB4A8210D03FCA00D1A536 /* InfoPlist.strings in Resources */,
				07A9AB4510E96D1B00CE8EC7 /* map.html in Resources */,
				07A9AB4610E96D1B00CE8EC7 /* megaphone.png in Resources */,
				07A9AB4710E96D1B00CE8EC7 /* menu_icon.png in Resources */,
				07A9AB4810E96D1B00CE8EC7 /* reload.tiff in Resources */,
				07A9ABE110E97CCD00CE8EC7 /* placard_old.png in Resources */,
				07A54DBC10F7F065006BD42B /* placard_fresh.png in Resources */,
				0752819310FC34E3009032C7 /* UpdateKey.pem in Resources */,
				0752863E10FD2C33009032C7 /* GeneralPreferences.xib in Resources */,
				0752864010FD2C64009032C7 /* AccountPreferences.xib in Resources */,
				0752864210FD2C7F009032C7 /* UpdatesPreferences.xib in Resources */,
				075289B510FEC428009032C7 /* foursquarex.icns in Resources */,
				075289C810FECE37009032C7 /* megaphone_dark.png in Resources */,
			);
			runOnlyForDeploymentPostprocessing = 0;
		};
/* End PBXResourcesBuildPhase section */

/* Begin PBXSourcesBuildPhase section */
		8D11072C0486CEB800E47090 /* Sources */ = {
			isa = PBXSourcesBuildPhase;
			buildActionMask = 2147483647;
			files = (
				07BB4A5810D03F0200D1A536 /* Foursquare.m in Sources */,
				07BB4A5910D03F0200D1A536 /* FoursquareXAppDelegate.m in Sources */,
				07BB4A5B10D03F0200D1A536 /* ShoutWindowController.m in Sources */,
				07BB4A5C10D03F0200D1A536 /* WelcomeWindowController.m in Sources */,
				07BB4A6F10D03F2600D1A536 /* main.m in Sources */,
				07BB4B0310D05D0900D1A536 /* CheckinWindowController.m in Sources */,
				072FA18210DAFAE8008293D7 /* MainWindowController.m in Sources */,
				072FA48E10DC35E1008293D7 /* ListNode.m in Sources */,
				072FA58210DC5530008293D7 /* FancyCell.m in Sources */,
				075285D310FD2A6F009032C7 /* GHNSURL+Utils.m in Sources */,
				075285EB10FD2A6F009032C7 /* NSDataAdditions.m in Sources */,
				075285EC10FD2A6F009032C7 /* NSDate+RFC2822.m in Sources */,
				075285ED10FD2A6F009032C7 /* NSImageAdditions.m in Sources */,
				075285EE10FD2A6F009032C7 /* NSWindow-NoodleEffects.m in Sources */,
				075285F710FD2A8F009032C7 /* NSAlertAdditions.m in Sources */,
				075285F810FD2A8F009032C7 /* NSDateAdditions.m in Sources */,
				075285FF10FD2A9F009032C7 /* IXSCNotificationManager.m in Sources */,
				0752860010FD2A9F009032C7 /* UnindentedOutlineView.m in Sources */,
				0752860710FD2ABC009032C7 /* NSArray-Blocks.m in Sources */,
				0752860D10FD2AEC009032C7 /* GeneralPreferences.m in Sources */,
				0752861210FD2B16009032C7 /* AccountPreferences.m in Sources */,
				0752861510FD2B32009032C7 /* UpdatesPreferences.m in Sources */,
				0752861A10FD2B62009032C7 /* AppPreferences.m in Sources */,
				075287C110FE4E8E009032C7 /* FoursquareUpdater.m in Sources */,
				F5600E921103D19F00376CEC /* PFMoveApplication.m in Sources */,
			);
			runOnlyForDeploymentPostprocessing = 0;
		};
/* End PBXSourcesBuildPhase section */

/* Begin PBXVariantGroup section */
		07BB4A7410D03F5000D1A536 /* MainMenu.xib */ = {
			isa = PBXVariantGroup;
			children = (
				07BB4A7510D03F5000D1A536 /* English */,
			);
			name = MainMenu.xib;
			sourceTree = "<group>";
		};
		07BB4A8010D03FCA00D1A536 /* InfoPlist.strings */ = {
			isa = PBXVariantGroup;
			children = (
				07BB4A8110D03FCA00D1A536 /* English */,
			);
			name = InfoPlist.strings;
			sourceTree = "<group>";
		};
/* End PBXVariantGroup section */

/* Begin XCBuildConfiguration section */
		C01FCF4B08A954540054247B /* Debug */ = {
			isa = XCBuildConfiguration;
			buildSettings = {
				ALWAYS_SEARCH_USER_PATHS = NO;
				COPY_PHASE_STRIP = NO;
				FRAMEWORK_SEARCH_PATHS = (
					"$(SRCROOT)/Frameworks",
					"$(inherited)",
					"\"$(SRCROOT)\"",
					"\"$(SRCROOT)/../../Sources/httpriot/build/Debug\"",
					"\"$(SRCROOT)/../../Sources/BGHUDAppKit/build/Debug\"",
				);
				GCC_DYNAMIC_NO_PIC = NO;
				GCC_ENABLE_FIX_AND_CONTINUE = YES;
				GCC_MODEL_TUNING = G5;
				GCC_OPTIMIZATION_LEVEL = 0;
				GCC_PRECOMPILE_PREFIX_HEADER = YES;
				GCC_PREFIX_HEADER = "Source/Other Sources/FoursquareX_Prefix.pch";
				INSTALL_PATH = "$(HOME)/Applications";
				LD_RUNPATH_SEARCH_PATHS = "@loader_path/../Frameworks";
				PRODUCT_NAME = FoursquareX;
			};
			name = Debug;
		};
		C01FCF4C08A954540054247B /* Release */ = {
			isa = XCBuildConfiguration;
			buildSettings = {
				ALWAYS_SEARCH_USER_PATHS = NO;
				DEBUG_INFORMATION_FORMAT = "dwarf-with-dsym";
				FRAMEWORK_SEARCH_PATHS = (
					"$(inherited)",
					"\"$(SRCROOT)\"",
					"\"$(SRCROOT)/../../Sources/httpriot/build/Debug\"",
					"\"$(SRCROOT)/../../Sources/BGHUDAppKit/build/Debug\"",
					"\"$(SRCROOT)/Frameworks\"",
				);
				GCC_MODEL_TUNING = G5;
				GCC_PRECOMPILE_PREFIX_HEADER = YES;
				GCC_PREFIX_HEADER = FoursquareX_Prefix.pch;
				INFOPLIST_FILE = "FoursquareX-Info.plist";
				INSTALL_PATH = "$(HOME)/Applications";
				PRODUCT_NAME = FoursquareX;
			};
			name = Release;
		};
		C01FCF4F08A954540054247B /* Debug */ = {
			isa = XCBuildConfiguration;
			buildSettings = {
				ARCHS = "$(ARCHS_STANDARD_32_64_BIT)";
				GCC_C_LANGUAGE_STANDARD = gnu99;
				GCC_OPTIMIZATION_LEVEL = 0;
				GCC_VERSION = com.apple.compilers.llvm.clang.1_0;
				GCC_WARN_ABOUT_RETURN_TYPE = YES;
				GCC_WARN_UNUSED_VARIABLE = YES;
				INFOPLIST_FILE = "Resources/FoursquareX-Info.plist";
				ONLY_ACTIVE_ARCH = NO;
				PREBINDING = NO;
				SDKROOT = macosx10.6;
			};
			name = Debug;
		};
		C01FCF5008A954540054247B /* Release */ = {
			isa = XCBuildConfiguration;
			buildSettings = {
				ARCHS = "$(ARCHS_STANDARD_32_64_BIT)";
				GCC_C_LANGUAGE_STANDARD = gnu99;
				GCC_WARN_ABOUT_RETURN_TYPE = YES;
				GCC_WARN_UNUSED_VARIABLE = YES;
				PREBINDING = NO;
				SDKROOT = macosx10.6;
			};
			name = Release;
		};
/* End XCBuildConfiguration section */

/* Begin XCConfigurationList section */
		C01FCF4A08A954540054247B /* Build configuration list for PBXNativeTarget "FoursquareX" */ = {
			isa = XCConfigurationList;
			buildConfigurations = (
				C01FCF4B08A954540054247B /* Debug */,
				C01FCF4C08A954540054247B /* Release */,
			);
			defaultConfigurationIsVisible = 0;
			defaultConfigurationName = Release;
		};
		C01FCF4E08A954540054247B /* Build configuration list for PBXProject "FoursquareX" */ = {
			isa = XCConfigurationList;
			buildConfigurations = (
				C01FCF4F08A954540054247B /* Debug */,
				C01FCF5008A954540054247B /* Release */,
			);
			defaultConfigurationIsVisible = 0;
			defaultConfigurationName = Release;
		};
/* End XCConfigurationList section */
	};
	rootObject = 29B97313FDCFA39411CA2CEA /* Project object */;
}
